
Microsoft Visual Studio Solution File, Format Version 12.00
# Visual Studio Version 17
VisualStudioVersion = 17.5.33530.505
MinimumVisualStudioVersion = 10.0.40219.1
Project("{FAE04EC0-301F-11D3-BF4B-00C04F79EFBC}") = "ConsoleUtility", "ConsoleUtility\ConsoleUtility.csproj", "{E8FED202-1C59-4506-AE36-42A8671E7D81}"
EndProject
Global
	GlobalSection(SolutionConfigurationPlatforms) = preSolution
		Debug|Any CPU = Debug|Any CPU
		Release|Any CPU = Release|Any CPU
	EndGlobalSection
	GlobalSection(ProjectConfigurationPlatforms) = postSolution
		{E8FED202-1C59-4506-AE36-42A8671E7D81}.Debug|Any CPU.ActiveCfg = Debug|Any CPU
		{E8FED202-1C59-4506-AE36-42A8671E7D81}.Debug|Any CPU.Build.0 = Debug|Any CPU
		{E8FED202-1C59-4506-AE36-42A8671E7D81}.Release|Any CPU.ActiveCfg = Release|Any CPU
		{E8FED202-1C59-4506-AE36-42A8671E7D81}.Release|Any CPU.Build.0 = Release|Any CPU
	EndGlobalSection
	GlobalSection(SolutionProperties) = preSolution
		HideSolutionNode = FALSE
	EndGlobalSection
	GlobalSection(ExtensibilityGlobals) = postSolution
		SolutionGuid = {2D243D27-66F8-4A73-AD42-2856F45A8AF5}
	EndGlobalSection
EndGlobal
